
Microsoft Visual Studio Solution File, Format Version 12.00
# Visual Studio 15
VisualStudioVersion = 15.0.26730.3
MinimumVisualStudioVersion = 10.0.40219.1
Project("{FAE04EC0-301F-11D3-BF4B-00C04F79EFBC}") = "WebBanhanh", "WebBanhanh\WebBanhanh.csproj", "{D9612791-4925-4736-BC98-338C7406F217}"
EndProject
Global
	GlobalSection(SolutionConfigurationPlatforms) = preSolution
		Debug|Any CPU = Debug|Any CPU
		Release|Any CPU = Release|Any CPU
	EndGlobalSection
	GlobalSection(ProjectConfigurationPlatforms) = postSolution
		{D9612791-4925-4736-BC98-338C7406F217}.Debug|Any CPU.ActiveCfg = Debug|Any CPU
		{D9612791-4925-4736-BC98-338C7406F217}.Debug|Any CPU.Build.0 = Debug|Any CPU
		{D9612791-4925-4736-BC98-338C7406F217}.Release|Any CPU.ActiveCfg = Release|Any CPU
		{D9612791-4925-4736-BC98-338C7406F217}.Release|Any CPU.Build.0 = Release|Any CPU
	EndGlobalSection
	GlobalSection(SolutionProperties) = preSolution
		HideSolutionNode = FALSE
	EndGlobalSection
	GlobalSection(ExtensibilityGlobals) = postSolution
		SolutionGuid = {E3F8D9AF-0A33-45C9-A347-6F7B4CA8FDCA}
	EndGlobalSection
EndGlobal
